
Microsoft Visual Studio Solution File, Format Version 12.00
# Visual Studio Version 16
VisualStudioVersion = 16.0.31005.135
MinimumVisualStudioVersion = 10.0.40219.1
Project("{888888A0-9F3D-457C-B088-3A5042F75D52}") = "TD_Classification", "TD_Classification.pyproj", "{3607075A-F766-4C2A-B2E4-EA3F4174BF05}"
EndProject
Global
	GlobalSection(SolutionConfigurationPlatforms) = preSolution
		Debug|Any CPU = Debug|Any CPU
		Release|Any CPU = Release|Any CPU
	EndGlobalSection
	GlobalSection(ProjectConfigurationPlatforms) = postSolution
		{3607075A-F766-4C2A-B2E4-EA3F4174BF05}.Debug|Any CPU.ActiveCfg = Debug|Any CPU
		{3607075A-F766-4C2A-B2E4-EA3F4174BF05}.Release|Any CPU.ActiveCfg = Release|Any CPU
	EndGlobalSection
	GlobalSection(SolutionProperties) = preSolution
		HideSolutionNode = FALSE
	EndGlobalSection
	GlobalSection(ExtensibilityGlobals) = postSolution
		SolutionGuid = {BC5EFACF-C0F5-456D-AC05-3B85C2696910}
	EndGlobalSection
EndGlobal
